{
  "version": 4,
  "terraform_version": "1.11.2",
  "serial": 24,
  "lineage": "bb504b50-35c0-b868-c629-450689d06ce3",
  "outputs": {
    "access_commands": {
      "value": "\n════════════════════════════════════════════════\n CLUSTER\n════════════════════════════════════════════════\nkubectl config use-context terraform-kube\nkubectl get nodes -o wide\nminikube status --profile terraform-kube\n\n    ════════════════════════════════════════════════\n MONITORING\n════════════════════════════════════════════════\n# Grafana  — http://localhost:3000\nkubectl port-forward -n monitoring svc/kube-prometheus-stack-grafana 3000:80\n# login: admin / (terraform output -raw grafana_admin_password)\n\n# Prometheus — http://localhost:9090\nkubectl port-forward -n monitoring svc/kube-prometheus-stack-prometheus 9090:9090\n\n# Alertmanager — http://localhost:9093\nkubectl port-forward -n monitoring svc/kube-prometheus-stack-alertmanager 9093:9093\n\n        ════════════════════════════════════════════════\n ARGOCD\n════════════════════════════════════════════════\n# UI — http://localhost:8080\nkubectl port-forward -n argocd svc/argocd-server 8080:80\n# Récupérer le mot de passe admin :\nkubectl -n argocd get secret argocd-initial-admin-secret \\\n  -o jsonpath=\"{.data.password}\" | base64 -d \u0026\u0026 echo\n\n# Argo Rollouts Dashboard — http://localhost:3100\nkubectl port-forward -n argo-rollouts svc/argo-rollouts-dashboard 3100:3100\n\n    ════════════════════════════════════════════════\n DÉMARRAGE RAPIDE\n════════════════════════════════════════════════\nmake port-forwards   # Lance tous les port-forwards en arrière-plan\nmake status          # État des pods par namespace\n\n",
      "type": "string"
    },
    "app_namespace": {
      "value": "demo-app",
      "type": "string"
    },
    "argocd_admin_password_cmd": {
      "value": "kubectl -n argocd get secret argocd-initial-admin-secret -o jsonpath='{.data.password}' | base64 -d \u0026\u0026 echo",
      "type": "string"
    },
    "cluster_name": {
      "value": "terraform-kube",
      "type": "string"
    },
    "cluster_nodes": {
      "value": [
        "terraform-kube"
      ],
      "type": [
        "tuple",
        [
          "string"
        ]
      ]
    },
    "git_repo_url": {
      "value": "",
      "type": "string"
    },
    "grafana_admin_password": {
      "value": "admin",
      "type": "string",
      "sensitive": true
    }
  },
  "resources": [
    {
      "module": "module.apps[0]",
      "mode": "managed",
      "type": "helm_release",
      "name": "demo_app",
      "provider": "provider[\"registry.terraform.io/hashicorp/helm\"]",
      "instances": [
        {
          "schema_version": 1,
          "attributes": {
            "atomic": false,
            "chart": "./apps/demo-app",
            "cleanup_on_fail": true,
            "create_namespace": false,
            "dependency_update": false,
            "description": null,
            "devel": null,
            "disable_crd_hooks": false,
            "disable_openapi_validation": false,
            "disable_webhooks": false,
            "force_update": false,
            "id": "demo-app",
            "keyring": null,
            "lint": false,
            "manifest": null,
            "max_history": 0,
            "metadata": [
              {
                "app_version": "1.0.0",
                "chart": "demo-app",
                "first_deployed": 1772089570,
                "last_deployed": 1772089570,
                "name": "demo-app",
                "namespace": "demo-app",
                "notes": "",
                "revision": 1,
                "values": "{\"analysis\":{\"count\":3,\"enabled\":true,\"failureLimit\":1,\"interval\":\"30s\",\"latencyP99Threshold\":\"1.0\",\"prometheusAddress\":\"http://kube-prometheus-stack-prometheus.monitoring.svc.cluster.local:9090\",\"successRateThreshold\":\"0.90\"},\"app\":{\"colorHex\":\"#1a6cf5\",\"colorName\":\"blue\",\"features\":[\"Interface de base\",\"Authentification utilisateur\",\"Dashboard principal\"],\"gradientEnd\":\"#0d3fa3\",\"gradientStart\":\"#1a6cf5\",\"message\":\"Version 1.0 — Production\",\"version\":\"v1.0.0\"},\"image\":{\"pullPolicy\":\"IfNotPresent\",\"repository\":\"nginx\",\"tag\":\"1.25-alpine\"},\"ingress\":{\"annotations\":{\"nginx.ingress.kubernetes.io/proxy-body-size\":\"8m\"},\"className\":\"nginx\",\"enabled\":true,\"host\":\"demo-app.local\"},\"replicaCount\":2,\"rollout\":{\"autoPromotionEnabled\":false,\"previewReplicaCount\":1,\"scaleDownDelaySeconds\":60},\"service\":{\"port\":80}}",
                "version": "1.0.0"
              }
            ],
            "name": "demo-app",
            "namespace": "demo-app",
            "pass_credentials": false,
            "postrender": [],
            "recreate_pods": false,
            "render_subchart_notes": true,
            "replace": false,
            "repository": null,
            "repository_ca_file": null,
            "repository_cert_file": null,
            "repository_key_file": null,
            "repository_password": null,
            "repository_username": null,
            "reset_values": false,
            "reuse_values": false,
            "set": [],
            "set_list": [],
            "set_sensitive": [],
            "skip_crds": false,
            "status": "deployed",
            "timeout": 180,
            "upgrade_install": null,
            "values": [
              "# ─── Version BLUE (production initiale) ──────────────────────────────────────\n\nreplicaCount: 2\n\nimage:\n  repository: nginx\n  tag: \"1.25-alpine\"\n  pullPolicy: IfNotPresent\n\napp:\n  version: \"v1.0.0\"\n  colorName: \"blue\"\n  colorHex: \"#1a6cf5\"\n  gradientStart: \"#1a6cf5\"\n  gradientEnd: \"#0d3fa3\"\n  message: \"Version 1.0 — Production\"\n  features:\n    - \"Interface de base\"\n    - \"Authentification utilisateur\"\n    - \"Dashboard principal\"\n\nservice:\n  port: 80\n\ningress:\n  enabled: true\n  className: \"nginx\"\n  host: \"demo-app.local\"\n  annotations:\n    nginx.ingress.kubernetes.io/proxy-body-size: \"8m\"\n\n# ─── Argo Rollouts blue/green ─────────────────────────────────────────────────\nrollout:\n  # false = promotion manuelle (idéal pour démo)\n  # true  = promotion auto si l'analyse Prometheus réussit\n  autoPromotionEnabled: false\n  # Délai avant scale-down de l'ancienne version après promotion\n  scaleDownDelaySeconds: 60\n  # Réplicas pour le pod preview (économie de ressources)\n  previewReplicaCount: 1\n\n# ─── AnalysisTemplate Prometheus ─────────────────────────────────────────────\nanalysis:\n  enabled: true\n  prometheusAddress: \"http://kube-prometheus-stack-prometheus.monitoring.svc.cluster.local:9090\"\n  # Intervalle entre chaque mesure\n  interval: \"30s\"\n  # Nombre de mesures avant décision\n  count: 3\n  # Taux de succès HTTP minimum (0.0 → 1.0)\n  successRateThreshold: \"0.90\"\n  # Latence P99 maximum en secondes\n  latencyP99Threshold: \"1.0\"\n  # Nombre d'échecs tolérés avant abort automatique\n  failureLimit: 1\n"
            ],
            "verify": false,
            "version": "1.0.0",
            "wait": true,
            "wait_for_jobs": true
          },
          "sensitive_attributes": [
            [
              {
                "type": "get_attr",
                "value": "repository_password"
              }
            ]
          ],
          "private": "eyJzY2hlbWFfdmVyc2lvbiI6IjEifQ==",
          "dependencies": [
            "module.apps.kubernetes_namespace.demo_app",
            "module.cluster.data.kubernetes_nodes.cluster",
            "module.cluster.time_sleep.stabilization",
            "module.gitops.helm_release.argo_rollouts",
            "module.gitops.helm_release.argocd",
            "module.gitops.kubernetes_namespace.argo_rollouts",
            "module.gitops.kubernetes_namespace.argocd",
            "module.platform.helm_release.cert_manager",
            "module.platform.helm_release.cilium",
            "module.platform.helm_release.ingress_nginx",
            "module.platform.kubernetes_namespace.cert_manager",
            "module.platform.kubernetes_namespace.ingress_nginx",
            "module.platform.time_sleep.wait_for_cert_manager_crds",
            "module.platform.time_sleep.wait_for_cilium"
          ]
        }
      ]
    },
    {
      "module": "module.apps[0]",
      "mode": "managed",
      "type": "kubernetes_namespace",
      "name": "demo_app",
      "provider": "provider[\"registry.terraform.io/hashicorp/kubernetes\"]",
      "instances": [
        {
          "schema_version": 0,
          "attributes": {
            "id": "demo-app",
            "metadata": [
              {
                "annotations": {},
                "generate_name": "",
                "generation": 0,
                "labels": {
                  "argocd.argoproj.io/managed": "true",
                  "managed-by": "terraform"
                },
                "name": "demo-app",
                "resource_version": "1831",
                "uid": "7bfad2b1-5649-4656-9996-e8333c682bc5"
              }
            ],
            "timeouts": null,
            "wait_for_default_service_account": false
          },
          "sensitive_attributes": [],
          "private": "eyJlMmJmYjczMC1lY2FhLTExZTYtOGY4OC0zNDM2M2JjN2M0YzAiOnsiZGVsZXRlIjozMDAwMDAwMDAwMDB9fQ==",
          "dependencies": [
            "module.cluster.data.kubernetes_nodes.cluster",
            "module.cluster.time_sleep.stabilization",
            "module.gitops.helm_release.argo_rollouts",
            "module.gitops.helm_release.argocd",
            "module.gitops.kubernetes_namespace.argo_rollouts",
            "module.gitops.kubernetes_namespace.argocd",
            "module.platform.helm_release.cert_manager",
            "module.platform.helm_release.cilium",
            "module.platform.helm_release.ingress_nginx",
            "module.platform.kubernetes_namespace.cert_manager",
            "module.platform.kubernetes_namespace.ingress_nginx",
            "module.platform.time_sleep.wait_for_cert_manager_crds",
            "module.platform.time_sleep.wait_for_cilium"
          ]
        }
      ]
    },
    {
      "module": "module.cluster",
      "mode": "data",
      "type": "kubernetes_nodes",
      "name": "cluster",
      "provider": "provider[\"registry.terraform.io/hashicorp/kubernetes\"]",
      "instances": [
        {
          "schema_version": 0,
          "attributes": {
            "id": "e5c142427fbc493739b4c5250568c4de3a0632a336f9ff4412a699e997fccc9c",
            "metadata": null,
            "nodes": [
              {
                "metadata": [
                  {
                    "annotations": {
                      "kubeadm.alpha.kubernetes.io/cri-socket": "unix:///var/run/cri-dockerd.sock",
                      "node.alpha.kubernetes.io/ttl": "0",
                      "volumes.kubernetes.io/controller-managed-attach-detach": "true"
                    },
                    "generation": 0,
                    "labels": {
                      "beta.kubernetes.io/arch": "arm64",
                      "beta.kubernetes.io/os": "linux",
                      "kubernetes.io/arch": "arm64",
                      "kubernetes.io/hostname": "terraform-kube",
                      "kubernetes.io/os": "linux",
                      "minikube.k8s.io/commit": "c93a4cb9311efc66b90d33ea03f75f2c4120e9b0",
                      "minikube.k8s.io/name": "terraform-kube",
                      "minikube.k8s.io/primary": "true",
                      "minikube.k8s.io/updated_at": "2026_02_26T07_58_30_0700",
                      "minikube.k8s.io/version": "v1.38.1",
                      "node-role.kubernetes.io/control-plane": "",
                      "node.kubernetes.io/exclude-from-external-load-balancers": ""
                    },
                    "name": "terraform-kube",
                    "resource_version": "11906",
                    "uid": "87e664ad-6ad0-40b3-96b5-1dce26f3c2b7"
                  }
                ],
                "spec": [
                  {
                    "pod_cidr": "10.244.0.0/24",
                    "pod_cidrs": [
                      "10.244.0.0/24"
                    ],
                    "provider_id": "",
                    "taints": [],
                    "unschedulable": false
                  }
                ],
                "status": [
                  {
                    "addresses": [
                      {
                        "address": "192.168.49.2",
                        "type": "InternalIP"
                      },
                      {
                        "address": "terraform-kube",
                        "type": "Hostname"
                      }
                    ],
                    "allocatable": {
                      "cpu": "4",
                      "ephemeral-storage": "61202244Ki",
                      "hugepages-1Gi": "0",
                      "hugepages-2Mi": "0",
                      "hugepages-32Mi": "0",
                      "hugepages-64Ki": "0",
                      "memory": "8026248Ki",
                      "pods": "110"
                    },
                    "capacity": {
                      "cpu": "4",
                      "ephemeral-storage": "61202244Ki",
                      "hugepages-1Gi": "0",
                      "hugepages-2Mi": "0",
                      "hugepages-32Mi": "0",
                      "hugepages-64Ki": "0",
                      "memory": "8026248Ki",
                      "pods": "110"
                    },
                    "conditions": [
                      {
                        "last_heartbeat_time": "2026-02-26 10:07:46 +0100 CET",
                        "last_transition_time": "2026-02-26 07:58:27 +0100 CET",
                        "message": "kubelet has sufficient memory available",
                        "reason": "KubeletHasSufficientMemory",
                        "status": "False",
                        "type": "MemoryPressure"
                      },
                      {
                        "last_heartbeat_time": "2026-02-26 10:07:46 +0100 CET",
                        "last_transition_time": "2026-02-26 07:58:27 +0100 CET",
                        "message": "kubelet has no disk pressure",
                        "reason": "KubeletHasNoDiskPressure",
                        "status": "False",
                        "type": "DiskPressure"
                      },
                      {
                        "last_heartbeat_time": "2026-02-26 10:07:46 +0100 CET",
                        "last_transition_time": "2026-02-26 07:58:27 +0100 CET",
                        "message": "kubelet has sufficient PID available",
                        "reason": "KubeletHasSufficientPID",
                        "status": "False",
                        "type": "PIDPressure"
                      },
                      {
                        "last_heartbeat_time": "2026-02-26 10:07:46 +0100 CET",
                        "last_transition_time": "2026-02-26 07:58:33 +0100 CET",
                        "message": "kubelet is posting ready status",
                        "reason": "KubeletReady",
                        "status": "True",
                        "type": "Ready"
                      }
                    ],
                    "node_info": [
                      {
                        "architecture": "arm64",
                        "boot_id": "fc6375c5-29c1-4b7b-b534-037e38e292ab",
                        "container_runtime_version": "docker://29.2.1",
                        "kernel_version": "6.10.14-linuxkit",
                        "kube_proxy_version": "v1.29.3",
                        "kubelet_version": "v1.29.3",
                        "machine_id": "e366bd4b77b9d6be2d67552f69964f40",
                        "operating_system": "linux",
                        "os_image": "Debian GNU/Linux 12 (bookworm)",
                        "system_uuid": "e366bd4b77b9d6be2d67552f69964f40"
                      }
                    ]
                  }
                ]
              }
            ]
          },
          "sensitive_attributes": []
        }
      ]
    },
    {
      "module": "module.cluster",
      "mode": "managed",
      "type": "time_sleep",
      "name": "stabilization",
      "provider": "provider[\"registry.terraform.io/hashicorp/time\"]",
      "instances": [
        {
          "schema_version": 0,
          "attributes": {
            "create_duration": "10s",
            "destroy_duration": null,
            "id": "2026-02-26T06:58:53Z",
            "triggers": null
          },
          "sensitive_attributes": [],
          "dependencies": [
            "module.cluster.data.kubernetes_nodes.cluster"
          ]
        }
      ]
    },
    {
      "module": "module.gitops[0]",
      "mode": "managed",
      "type": "helm_release",
      "name": "argo_rollouts",
      "provider": "provider[\"registry.terraform.io/hashicorp/helm\"]",
      "instances": [
        {
          "schema_version": 1,
          "attributes": {
            "atomic": false,
            "chart": "argo-rollouts",
            "cleanup_on_fail": true,
            "create_namespace": false,
            "dependency_update": false,
            "description": null,
            "devel": null,
            "disable_crd_hooks": false,
            "disable_openapi_validation": false,
            "disable_webhooks": false,
            "force_update": false,
            "id": "argo-rollouts",
            "keyring": null,
            "lint": false,
            "manifest": null,
            "max_history": 0,
            "metadata": [
              {
                "app_version": "v1.8.4",
                "chart": "argo-rollouts",
                "first_deployed": 1772089223,
                "last_deployed": 1772097103,
                "name": "argo-rollouts",
                "namespace": "argo-rollouts",
                "notes": "",
                "revision": 2,
                "values": "{\"controller\":{\"metrics\":{\"enabled\":true,\"serviceMonitor\":{\"enabled\":false}},\"resources\":{\"limits\":{\"cpu\":\"300m\",\"memory\":\"256Mi\"},\"requests\":{\"cpu\":\"100m\",\"memory\":\"128Mi\"}}},\"dashboard\":{\"enabled\":true,\"service\":{\"port\":3100,\"type\":\"ClusterIP\"}}}",
                "version": "2.40.6"
              }
            ],
            "name": "argo-rollouts",
            "namespace": "argo-rollouts",
            "pass_credentials": false,
            "postrender": [],
            "recreate_pods": false,
            "render_subchart_notes": true,
            "replace": false,
            "repository": "https://argoproj.github.io/argo-helm",
            "repository_ca_file": null,
            "repository_cert_file": null,
            "repository_key_file": null,
            "repository_password": null,
            "repository_username": null,
            "reset_values": false,
            "reuse_values": false,
            "set": [],
            "set_list": [],
            "set_sensitive": [],
            "skip_crds": false,
            "status": "deployed",
            "timeout": 300,
            "upgrade_install": null,
            "values": [
              "\"controller\":\n  \"metrics\":\n    \"enabled\": true\n    \"serviceMonitor\":\n      \"enabled\": false\n  \"resources\":\n    \"limits\":\n      \"cpu\": \"300m\"\n      \"memory\": \"256Mi\"\n    \"requests\":\n      \"cpu\": \"100m\"\n      \"memory\": \"128Mi\"\n\"dashboard\":\n  \"enabled\": true\n  \"service\":\n    \"port\": 3100\n    \"type\": \"ClusterIP\"\n"
            ],
            "verify": false,
            "version": "2.40.6",
            "wait": true,
            "wait_for_jobs": false
          },
          "sensitive_attributes": [
            [
              {
                "type": "get_attr",
                "value": "repository_password"
              }
            ]
          ],
          "private": "eyJzY2hlbWFfdmVyc2lvbiI6IjEifQ==",
          "dependencies": [
            "module.cluster.data.kubernetes_nodes.cluster",
            "module.cluster.time_sleep.stabilization",
            "module.gitops.kubernetes_namespace.argo_rollouts",
            "module.platform.helm_release.cert_manager",
            "module.platform.helm_release.cilium",
            "module.platform.helm_release.ingress_nginx",
            "module.platform.kubernetes_namespace.cert_manager",
            "module.platform.kubernetes_namespace.ingress_nginx",
            "module.platform.time_sleep.wait_for_cert_manager_crds",
            "module.platform.time_sleep.wait_for_cilium"
          ]
        }
      ]
    },
    {
      "module": "module.gitops[0]",
      "mode": "managed",
      "type": "helm_release",
      "name": "argocd",
      "provider": "provider[\"registry.terraform.io/hashicorp/helm\"]",
      "instances": [
        {
          "schema_version": 1,
          "attributes": {
            "atomic": false,
            "chart": "argo-cd",
            "cleanup_on_fail": true,
            "create_namespace": false,
            "dependency_update": false,
            "description": null,
            "devel": null,
            "disable_crd_hooks": false,
            "disable_openapi_validation": false,
            "disable_webhooks": false,
            "force_update": false,
            "id": "argocd",
            "keyring": null,
            "lint": false,
            "manifest": null,
            "max_history": 0,
            "metadata": [
              {
                "app_version": "v3.3.2",
                "chart": "argo-cd",
                "first_deployed": 1772089221,
                "last_deployed": 1772097107,
                "name": "argocd",
                "namespace": "argocd",
                "notes": "\nIn order to access the server UI you have the following options:\n\n1. kubectl port-forward service/argocd-server -n argocd 8080:443\n\n    and then open the browser on http://localhost:8080 and accept the certificate\n\n2. enable ingress in the values file `server.ingress.enabled` and either\n      - Add the annotation for ssl passthrough: https://argo-cd.readthedocs.io/en/stable/operator-manual/ingress/#option-1-ssl-passthrough\n      - Set the `configs.params.\"server.insecure\"` in the values file and terminate SSL at your ingress: https://argo-cd.readthedocs.io/en/stable/operator-manual/ingress/#option-2-multiple-ingress-objects-and-hosts\n\n\nAfter reaching the UI the first time you can login with username: admin and the random password generated during the installation. You can find the password by running:\n\nkubectl -n argocd get secret argocd-initial-admin-secret -o jsonpath=\"{.data.password}\" | base64 -d\n\n(You should delete the initial secret afterwards as suggested by the Getting Started Guide: https://argo-cd.readthedocs.io/en/stable/getting_started/#4-login-using-the-cli)\n",
                "revision": 2,
                "values": "{\"applicationSet\":{\"resources\":{\"limits\":{\"cpu\":\"200m\",\"memory\":\"128Mi\"},\"requests\":{\"cpu\":\"50m\",\"memory\":\"64Mi\"}}},\"configs\":{\"params\":{\"server.insecure\":\"true\"}},\"controller\":{\"resources\":{\"limits\":{\"cpu\":\"500m\",\"memory\":\"512Mi\"},\"requests\":{\"cpu\":\"250m\",\"memory\":\"256Mi\"}}},\"dex\":{\"enabled\":false},\"notifications\":{\"enabled\":false},\"redis\":{\"resources\":{\"limits\":{\"cpu\":\"200m\",\"memory\":\"128Mi\"},\"requests\":{\"cpu\":\"50m\",\"memory\":\"64Mi\"}}},\"repoServer\":{\"resources\":{\"limits\":{\"cpu\":\"500m\",\"memory\":\"512Mi\"},\"requests\":{\"cpu\":\"100m\",\"memory\":\"128Mi\"}}},\"server\":{\"metrics\":{\"enabled\":true,\"serviceMonitor\":{\"enabled\":false}},\"resources\":{\"limits\":{\"cpu\":\"300m\",\"memory\":\"256Mi\"},\"requests\":{\"cpu\":\"100m\",\"memory\":\"128Mi\"}},\"service\":{\"type\":\"ClusterIP\"}}}",
                "version": "9.4.5"
              }
            ],
            "name": "argocd",
            "namespace": "argocd",
            "pass_credentials": false,
            "postrender": [],
            "recreate_pods": false,
            "render_subchart_notes": true,
            "replace": false,
            "repository": "https://argoproj.github.io/argo-helm",
            "repository_ca_file": null,
            "repository_cert_file": null,
            "repository_key_file": null,
            "repository_password": null,
            "repository_username": null,
            "reset_values": false,
            "reuse_values": false,
            "set": [],
            "set_list": [],
            "set_sensitive": [],
            "skip_crds": false,
            "status": "deployed",
            "timeout": 600,
            "upgrade_install": null,
            "values": [
              "\"applicationSet\":\n  \"resources\":\n    \"limits\":\n      \"cpu\": \"200m\"\n      \"memory\": \"128Mi\"\n    \"requests\":\n      \"cpu\": \"50m\"\n      \"memory\": \"64Mi\"\n\"configs\":\n  \"params\":\n    \"server.insecure\": \"true\"\n\"controller\":\n  \"resources\":\n    \"limits\":\n      \"cpu\": \"500m\"\n      \"memory\": \"512Mi\"\n    \"requests\":\n      \"cpu\": \"250m\"\n      \"memory\": \"256Mi\"\n\"dex\":\n  \"enabled\": false\n\"notifications\":\n  \"enabled\": false\n\"redis\":\n  \"resources\":\n    \"limits\":\n      \"cpu\": \"200m\"\n      \"memory\": \"128Mi\"\n    \"requests\":\n      \"cpu\": \"50m\"\n      \"memory\": \"64Mi\"\n\"repoServer\":\n  \"resources\":\n    \"limits\":\n      \"cpu\": \"500m\"\n      \"memory\": \"512Mi\"\n    \"requests\":\n      \"cpu\": \"100m\"\n      \"memory\": \"128Mi\"\n\"server\":\n  \"metrics\":\n    \"enabled\": true\n    \"serviceMonitor\":\n      \"enabled\": false\n  \"resources\":\n    \"limits\":\n      \"cpu\": \"300m\"\n      \"memory\": \"256Mi\"\n    \"requests\":\n      \"cpu\": \"100m\"\n      \"memory\": \"128Mi\"\n  \"service\":\n    \"type\": \"ClusterIP\"\n"
            ],
            "verify": false,
            "version": "9.4.5",
            "wait": true,
            "wait_for_jobs": false
          },
          "sensitive_attributes": [
            [
              {
                "type": "get_attr",
                "value": "repository_password"
              }
            ]
          ],
          "private": "eyJzY2hlbWFfdmVyc2lvbiI6IjEifQ==",
          "dependencies": [
            "module.cluster.data.kubernetes_nodes.cluster",
            "module.cluster.time_sleep.stabilization",
            "module.gitops.kubernetes_namespace.argocd",
            "module.platform.helm_release.cert_manager",
            "module.platform.helm_release.cilium",
            "module.platform.helm_release.ingress_nginx",
            "module.platform.kubernetes_namespace.cert_manager",
            "module.platform.kubernetes_namespace.ingress_nginx",
            "module.platform.time_sleep.wait_for_cert_manager_crds",
            "module.platform.time_sleep.wait_for_cilium"
          ]
        }
      ]
    },
    {
      "module": "module.gitops[0]",
      "mode": "managed",
      "type": "kubernetes_namespace",
      "name": "argo_rollouts",
      "provider": "provider[\"registry.terraform.io/hashicorp/kubernetes\"]",
      "instances": [
        {
          "schema_version": 0,
          "attributes": {
            "id": "argo-rollouts",
            "metadata": [
              {
                "annotations": {},
                "generate_name": "",
                "generation": 0,
                "labels": {
                  "managed-by": "terraform"
                },
                "name": "argo-rollouts",
                "resource_version": "732",
                "uid": "46785d06-7c78-4ea1-8660-1106849c454a"
              }
            ],
            "timeouts": null,
            "wait_for_default_service_account": false
          },
          "sensitive_attributes": [],
          "private": "eyJlMmJmYjczMC1lY2FhLTExZTYtOGY4OC0zNDM2M2JjN2M0YzAiOnsiZGVsZXRlIjozMDAwMDAwMDAwMDB9fQ==",
          "dependencies": [
            "module.cluster.data.kubernetes_nodes.cluster",
            "module.cluster.time_sleep.stabilization",
            "module.platform.helm_release.cert_manager",
            "module.platform.helm_release.cilium",
            "module.platform.helm_release.ingress_nginx",
            "module.platform.kubernetes_namespace.cert_manager",
            "module.platform.kubernetes_namespace.ingress_nginx",
            "module.platform.time_sleep.wait_for_cert_manager_crds",
            "module.platform.time_sleep.wait_for_cilium"
          ]
        }
      ]
    },
    {
      "module": "module.gitops[0]",
      "mode": "managed",
      "type": "kubernetes_namespace",
      "name": "argocd",
      "provider": "provider[\"registry.terraform.io/hashicorp/kubernetes\"]",
      "instances": [
        {
          "schema_version": 0,
          "attributes": {
            "id": "argocd",
            "metadata": [
              {
                "annotations": {},
                "generate_name": "",
                "generation": 0,
                "labels": {
                  "managed-by": "terraform"
                },
                "name": "argocd",
                "resource_version": "734",
                "uid": "7dab03cd-4633-4bb1-ac8b-a887fcb46f8f"
              }
            ],
            "timeouts": null,
            "wait_for_default_service_account": false
          },
          "sensitive_attributes": [],
          "private": "eyJlMmJmYjczMC1lY2FhLTExZTYtOGY4OC0zNDM2M2JjN2M0YzAiOnsiZGVsZXRlIjozMDAwMDAwMDAwMDB9fQ==",
          "dependencies": [
            "module.cluster.data.kubernetes_nodes.cluster",
            "module.cluster.time_sleep.stabilization",
            "module.platform.helm_release.cert_manager",
            "module.platform.helm_release.cilium",
            "module.platform.helm_release.ingress_nginx",
            "module.platform.kubernetes_namespace.cert_manager",
            "module.platform.kubernetes_namespace.ingress_nginx",
            "module.platform.time_sleep.wait_for_cert_manager_crds",
            "module.platform.time_sleep.wait_for_cilium"
          ]
        }
      ]
    },
    {
      "module": "module.monitoring[0]",
      "mode": "managed",
      "type": "helm_release",
      "name": "kube_prometheus_stack",
      "provider": "provider[\"registry.terraform.io/hashicorp/helm\"]",
      "instances": [
        {
          "schema_version": 1,
          "attributes": {
            "atomic": false,
            "chart": "kube-prometheus-stack",
            "cleanup_on_fail": true,
            "create_namespace": false,
            "dependency_update": false,
            "description": null,
            "devel": null,
            "disable_crd_hooks": false,
            "disable_openapi_validation": false,
            "disable_webhooks": false,
            "force_update": false,
            "id": "kube-prometheus-stack",
            "keyring": null,
            "lint": false,
            "manifest": null,
            "max_history": 0,
            "metadata": [
              {
                "app_version": "v0.89.0",
                "chart": "kube-prometheus-stack",
                "first_deployed": 1772097106,
                "last_deployed": 1772097106,
                "name": "kube-prometheus-stack",
                "namespace": "monitoring",
                "notes": "kube-prometheus-stack has been installed. Check its status by running:\n  kubectl --namespace monitoring get pods -l \"release=kube-prometheus-stack\"\n\nGet Grafana 'admin' user password by running:\n\n  kubectl --namespace monitoring get secrets kube-prometheus-stack-grafana -o jsonpath=\"{.data.admin-password}\" | base64 -d ; echo\n\nAccess Grafana local instance:\n\n  export POD_NAME=$(kubectl --namespace monitoring get pod -l \"app.kubernetes.io/name=grafana,app.kubernetes.io/instance=kube-prometheus-stack\" -oname)\n  kubectl --namespace monitoring port-forward $POD_NAME 3000\n\nGet your grafana admin user password by running:\n\n  kubectl get secret --namespace monitoring -l app.kubernetes.io/component=admin-secret -o jsonpath=\"{.items[0].data.admin-password}\" | base64 --decode ; echo\n\n\nVisit https://github.com/prometheus-operator/kube-prometheus for instructions on how to create \u0026 configure Alertmanager and Prometheus instances using the Operator.\n\n1. Get the application URL by running these commands:\n  export POD_NAME=$(kubectl get pods --namespace monitoring -l \"app.kubernetes.io/name=prometheus-node-exporter,app.kubernetes.io/instance=kube-prometheus-stack\" -o jsonpath=\"{.items[0].metadata.name}\")\n  echo \"Visit http://127.0.0.1:9100 to use your application\"\n  kubectl port-forward --namespace monitoring $POD_NAME 9100\n1. Get your 'admin' user password by running:\n\n   kubectl get secret --namespace monitoring kube-prometheus-stack-grafana -o jsonpath=\"{.data.admin-password}\" | base64 --decode ; echo\n\n\n2. The Grafana server can be accessed via port 80 on the following DNS name from within your cluster:\n\n   kube-prometheus-stack-grafana.monitoring.svc.cluster.local\n\n   Get the Grafana URL to visit by running these commands in the same shell:\n     export POD_NAME=$(kubectl get pods --namespace monitoring -l \"app.kubernetes.io/name=grafana,app.kubernetes.io/instance=kube-prometheus-stack\" -o jsonpath=\"{.items[0].metadata.name}\")\n     kubectl --namespace monitoring port-forward $POD_NAME 3000\n\n3. Login with the password from step 1 and the username: admin\n\nkube-state-metrics is a simple service that listens to the Kubernetes API server and generates metrics about the state of the objects.\nThe exposed metrics can be found here:\nhttps://github.com/kubernetes/kube-state-metrics/blob/master/docs/README.md#exposed-metrics\n\nThe metrics are exported on the HTTP endpoint /metrics on the listening port.\nIn your case, kube-prometheus-stack-kube-state-metrics.monitoring.svc.cluster.local:8080/metrics\n\nThey are served either as plaintext or protobuf depending on the Accept header.\nThey are designed to be consumed either by Prometheus itself or by a scraper that is compatible with scraping a Prometheus client endpoint.\n",
                "revision": 1,
                "values": "{\"alertmanager\":{\"alertmanagerSpec\":{\"resources\":{\"limits\":{\"cpu\":\"100m\",\"memory\":\"128Mi\"},\"requests\":{\"cpu\":\"50m\",\"memory\":\"64Mi\"}}}},\"grafana\":{\"adminPassword\":\"admin\",\"defaultDashboardsEnabled\":true,\"grafana\":{\"server.root_url\":\"http://localhost:3000\"},\"persistence\":{\"enabled\":true,\"size\":\"1Gi\",\"storageClassName\":\"standard\"},\"resources\":{\"limits\":{\"cpu\":\"200m\",\"memory\":\"256Mi\"},\"requests\":{\"cpu\":\"100m\",\"memory\":\"128Mi\"}},\"service\":{\"type\":\"ClusterIP\"}},\"kubeControllerManager\":{\"enabled\":false},\"kubeEtcd\":{\"enabled\":false},\"kubeProxy\":{\"enabled\":false},\"kubeScheduler\":{\"enabled\":false},\"kubeStateMetrics\":{\"resources\":{\"limits\":{\"cpu\":\"100m\",\"memory\":\"128Mi\"},\"requests\":{\"cpu\":\"50m\",\"memory\":\"64Mi\"}}},\"nodeExporter\":{\"resources\":{\"limits\":{\"cpu\":\"100m\",\"memory\":\"64Mi\"},\"requests\":{\"cpu\":\"50m\",\"memory\":\"32Mi\"}}},\"prometheus\":{\"prometheusSpec\":{\"podMonitorNamespaceSelector\":{},\"resources\":{\"limits\":{\"cpu\":\"500m\",\"memory\":\"1Gi\"},\"requests\":{\"cpu\":\"250m\",\"memory\":\"512Mi\"}},\"retention\":\"24h\",\"ruleNamespaceSelector\":{},\"serviceMonitorNamespaceSelector\":{},\"storageSpec\":{\"volumeClaimTemplate\":{\"spec\":{\"accessModes\":[\"ReadWriteOnce\"],\"resources\":{\"requests\":{\"storage\":\"10Gi\"}},\"storageClassName\":\"standard\"}}}}}}",
                "version": "82.4.0"
              }
            ],
            "name": "kube-prometheus-stack",
            "namespace": "monitoring",
            "pass_credentials": false,
            "postrender": [],
            "recreate_pods": false,
            "render_subchart_notes": true,
            "replace": false,
            "repository": "https://prometheus-community.github.io/helm-charts",
            "repository_ca_file": null,
            "repository_cert_file": null,
            "repository_key_file": null,
            "repository_password": null,
            "repository_username": null,
            "reset_values": false,
            "reuse_values": false,
            "set": [],
            "set_list": [],
            "set_sensitive": [],
            "skip_crds": false,
            "status": "deployed",
            "timeout": 600,
            "upgrade_install": null,
            "values": [
              "\"alertmanager\":\n  \"alertmanagerSpec\":\n    \"resources\":\n      \"limits\":\n        \"cpu\": \"100m\"\n        \"memory\": \"128Mi\"\n      \"requests\":\n        \"cpu\": \"50m\"\n        \"memory\": \"64Mi\"\n\"grafana\":\n  \"adminPassword\": \"admin\"\n  \"defaultDashboardsEnabled\": true\n  \"grafana\":\n    \"server.root_url\": \"http://localhost:3000\"\n  \"persistence\":\n    \"enabled\": true\n    \"size\": \"1Gi\"\n    \"storageClassName\": \"standard\"\n  \"resources\":\n    \"limits\":\n      \"cpu\": \"200m\"\n      \"memory\": \"256Mi\"\n    \"requests\":\n      \"cpu\": \"100m\"\n      \"memory\": \"128Mi\"\n  \"service\":\n    \"type\": \"ClusterIP\"\n\"kubeControllerManager\":\n  \"enabled\": false\n\"kubeEtcd\":\n  \"enabled\": false\n\"kubeProxy\":\n  \"enabled\": false\n\"kubeScheduler\":\n  \"enabled\": false\n\"kubeStateMetrics\":\n  \"resources\":\n    \"limits\":\n      \"cpu\": \"100m\"\n      \"memory\": \"128Mi\"\n    \"requests\":\n      \"cpu\": \"50m\"\n      \"memory\": \"64Mi\"\n\"nodeExporter\":\n  \"resources\":\n    \"limits\":\n      \"cpu\": \"100m\"\n      \"memory\": \"64Mi\"\n    \"requests\":\n      \"cpu\": \"50m\"\n      \"memory\": \"32Mi\"\n\"prometheus\":\n  \"prometheusSpec\":\n    \"podMonitorNamespaceSelector\": {}\n    \"resources\":\n      \"limits\":\n        \"cpu\": \"500m\"\n        \"memory\": \"1Gi\"\n      \"requests\":\n        \"cpu\": \"250m\"\n        \"memory\": \"512Mi\"\n    \"retention\": \"24h\"\n    \"ruleNamespaceSelector\": {}\n    \"serviceMonitorNamespaceSelector\": {}\n    \"storageSpec\":\n      \"volumeClaimTemplate\":\n        \"spec\":\n          \"accessModes\":\n          - \"ReadWriteOnce\"\n          \"resources\":\n            \"requests\":\n              \"storage\": \"10Gi\"\n          \"storageClassName\": \"standard\"\n"
            ],
            "verify": false,
            "version": "82.4.0",
            "wait": true,
            "wait_for_jobs": false
          },
          "sensitive_attributes": [
            [
              {
                "type": "get_attr",
                "value": "repository_password"
              }
            ],
            [
              {
                "type": "get_attr",
                "value": "values"
              },
              {
                "type": "index",
                "value": {
                  "value": 0,
                  "type": "number"
                }
              }
            ]
          ],
          "private": "eyJzY2hlbWFfdmVyc2lvbiI6IjEifQ==",
          "dependencies": [
            "module.cluster.data.kubernetes_nodes.cluster",
            "module.cluster.time_sleep.stabilization",
            "module.monitoring.kubernetes_namespace.monitoring",
            "module.platform.helm_release.cert_manager",
            "module.platform.helm_release.cilium",
            "module.platform.helm_release.ingress_nginx",
            "module.platform.kubernetes_namespace.cert_manager",
            "module.platform.kubernetes_namespace.ingress_nginx",
            "module.platform.time_sleep.wait_for_cert_manager_crds",
            "module.platform.time_sleep.wait_for_cilium"
          ]
        }
      ]
    },
    {
      "module": "module.monitoring[0]",
      "mode": "managed",
      "type": "kubernetes_namespace",
      "name": "monitoring",
      "provider": "provider[\"registry.terraform.io/hashicorp/kubernetes\"]",
      "instances": [
        {
          "schema_version": 0,
          "attributes": {
            "id": "monitoring",
            "metadata": [
              {
                "annotations": {},
                "generate_name": "",
                "generation": 0,
                "labels": {
                  "managed-by": "terraform"
                },
                "name": "monitoring",
                "resource_version": "733",
                "uid": "4754ba38-6acf-4778-9a60-8bcc01b9b8e1"
              }
            ],
            "timeouts": null,
            "wait_for_default_service_account": false
          },
          "sensitive_attributes": [],
          "private": "eyJlMmJmYjczMC1lY2FhLTExZTYtOGY4OC0zNDM2M2JjN2M0YzAiOnsiZGVsZXRlIjozMDAwMDAwMDAwMDB9fQ==",
          "dependencies": [
            "module.cluster.data.kubernetes_nodes.cluster",
            "module.cluster.time_sleep.stabilization",
            "module.platform.helm_release.cert_manager",
            "module.platform.helm_release.cilium",
            "module.platform.helm_release.ingress_nginx",
            "module.platform.kubernetes_namespace.cert_manager",
            "module.platform.kubernetes_namespace.ingress_nginx",
            "module.platform.time_sleep.wait_for_cert_manager_crds",
            "module.platform.time_sleep.wait_for_cilium"
          ]
        }
      ]
    },
    {
      "module": "module.platform[0]",
      "mode": "managed",
      "type": "helm_release",
      "name": "cert_manager",
      "provider": "provider[\"registry.terraform.io/hashicorp/helm\"]",
      "instances": [
        {
          "schema_version": 1,
          "attributes": {
            "atomic": false,
            "chart": "cert-manager",
            "cleanup_on_fail": false,
            "create_namespace": false,
            "dependency_update": false,
            "description": null,
            "devel": null,
            "disable_crd_hooks": false,
            "disable_openapi_validation": false,
            "disable_webhooks": false,
            "force_update": false,
            "id": "cert-manager",
            "keyring": null,
            "lint": false,
            "manifest": null,
            "max_history": 0,
            "metadata": [
              {
                "app_version": "v1.19.4",
                "chart": "cert-manager",
                "first_deployed": 1772089134,
                "last_deployed": 1772097063,
                "name": "cert-manager",
                "namespace": "cert-manager",
                "notes": "\n⚠️  WARNING: `installCRDs` is deprecated, use `crds.enabled` instead.\n⚠️  WARNING: New default private key rotation policy for Certificate resources.\nThe default private key rotation policy for Certificate resources was\nchanged to `Always` in cert-manager \u003e= v1.18.0.\nLearn more in the [1.18 release notes](https://cert-manager.io/docs/releases/release-notes/release-notes-1.18).\n\ncert-manager v1.19.4 has been deployed successfully!\n\nIn order to begin issuing certificates, you will need to set up a ClusterIssuer\nor Issuer resource (for example, by creating a 'letsencrypt-staging' issuer).\n\nMore information on the different types of issuers and how to configure them\ncan be found in our documentation:\n\nhttps://cert-manager.io/docs/configuration/\n\nFor information on how to configure cert-manager to automatically provision\nCertificates for Ingress resources, take a look at the `ingress-shim`\ndocumentation:\n\nhttps://cert-manager.io/docs/usage/ingress/\n",
                "revision": 2,
                "values": "{\"installCRDs\":true,\"prometheus\":{\"enabled\":true,\"servicemonitor\":{\"enabled\":false}},\"resources\":{\"limits\":{\"cpu\":\"200m\",\"memory\":\"256Mi\"},\"requests\":{\"cpu\":\"50m\",\"memory\":\"64Mi\"}}}",
                "version": "v1.19.4"
              }
            ],
            "name": "cert-manager",
            "namespace": "cert-manager",
            "pass_credentials": false,
            "postrender": [],
            "recreate_pods": false,
            "render_subchart_notes": true,
            "replace": false,
            "repository": "https://charts.jetstack.io",
            "repository_ca_file": null,
            "repository_cert_file": null,
            "repository_key_file": null,
            "repository_password": null,
            "repository_username": null,
            "reset_values": false,
            "reuse_values": false,
            "set": [
              {
                "name": "installCRDs",
                "type": "",
                "value": "true"
              }
            ],
            "set_list": [],
            "set_sensitive": [],
            "skip_crds": false,
            "status": "deployed",
            "timeout": 300,
            "upgrade_install": null,
            "values": [
              "\"prometheus\":\n  \"enabled\": true\n  \"servicemonitor\":\n    \"enabled\": false\n\"resources\":\n  \"limits\":\n    \"cpu\": \"200m\"\n    \"memory\": \"256Mi\"\n  \"requests\":\n    \"cpu\": \"50m\"\n    \"memory\": \"64Mi\"\n"
            ],
            "verify": false,
            "version": "v1.19.4",
            "wait": true,
            "wait_for_jobs": false
          },
          "sensitive_attributes": [
            [
              {
                "type": "get_attr",
                "value": "repository_password"
              }
            ]
          ],
          "private": "eyJzY2hlbWFfdmVyc2lvbiI6IjEifQ==",
          "dependencies": [
            "module.cluster.data.kubernetes_nodes.cluster",
            "module.cluster.time_sleep.stabilization",
            "module.platform.kubernetes_namespace.cert_manager"
          ]
        }
      ]
    },
    {
      "module": "module.platform[0]",
      "mode": "managed",
      "type": "helm_release",
      "name": "ingress_nginx",
      "provider": "provider[\"registry.terraform.io/hashicorp/helm\"]",
      "instances": [
        {
          "schema_version": 1,
          "attributes": {
            "atomic": false,
            "chart": "ingress-nginx",
            "cleanup_on_fail": false,
            "create_namespace": false,
            "dependency_update": false,
            "description": null,
            "devel": null,
            "disable_crd_hooks": false,
            "disable_openapi_validation": false,
            "disable_webhooks": false,
            "force_update": false,
            "id": "ingress-nginx",
            "keyring": null,
            "lint": false,
            "manifest": null,
            "max_history": 0,
            "metadata": [
              {
                "app_version": "1.14.3",
                "chart": "ingress-nginx",
                "first_deployed": 1772089134,
                "last_deployed": 1772097062,
                "name": "ingress-nginx",
                "namespace": "ingress-nginx",
                "notes": "The ingress-nginx controller has been installed.\nGet the application URL by running these commands:\n  export HTTP_NODE_PORT=$(kubectl get service --namespace ingress-nginx ingress-nginx-controller --output jsonpath=\"{.spec.ports[0].nodePort}\")\n  export HTTPS_NODE_PORT=$(kubectl get service --namespace ingress-nginx ingress-nginx-controller --output jsonpath=\"{.spec.ports[1].nodePort}\")\n  export NODE_IP=\"$(kubectl get nodes --output jsonpath=\"{.items[0].status.addresses[1].address}\")\"\n\n  echo \"Visit http://${NODE_IP}:${HTTP_NODE_PORT} to access your application via HTTP.\"\n  echo \"Visit https://${NODE_IP}:${HTTPS_NODE_PORT} to access your application via HTTPS.\"\n\nAn example Ingress that makes use of the controller:\n  apiVersion: networking.k8s.io/v1\n  kind: Ingress\n  metadata:\n    name: example\n    namespace: foo\n  spec:\n    ingressClassName: nginx\n    rules:\n      - host: www.example.com\n        http:\n          paths:\n            - pathType: Prefix\n              backend:\n                service:\n                  name: exampleService\n                  port:\n                    number: 80\n              path: /\n    # This section is only required if TLS is to be enabled for the Ingress\n    tls:\n      - hosts:\n        - www.example.com\n        secretName: example-tls\n\nIf TLS is enabled for the Ingress, a Secret containing the certificate and key must also be provided:\n\n  apiVersion: v1\n  kind: Secret\n  metadata:\n    name: example-tls\n    namespace: foo\n  data:\n    tls.crt: \u003cbase64 encoded cert\u003e\n    tls.key: \u003cbase64 encoded key\u003e\n  type: kubernetes.io/tls\n",
                "revision": 2,
                "values": "{\"controller\":{\"admissionWebhooks\":{\"enabled\":false},\"metrics\":{\"enabled\":true,\"serviceMonitor\":{\"enabled\":false}},\"resources\":{\"limits\":{\"cpu\":\"500m\",\"memory\":\"512Mi\"},\"requests\":{\"cpu\":\"100m\",\"memory\":\"128Mi\"}},\"service\":{\"type\":\"NodePort\"}}}",
                "version": "4.14.3"
              }
            ],
            "name": "ingress-nginx",
            "namespace": "ingress-nginx",
            "pass_credentials": false,
            "postrender": [],
            "recreate_pods": false,
            "render_subchart_notes": true,
            "replace": false,
            "repository": "https://kubernetes.github.io/ingress-nginx",
            "repository_ca_file": null,
            "repository_cert_file": null,
            "repository_key_file": null,
            "repository_password": null,
            "repository_username": null,
            "reset_values": false,
            "reuse_values": false,
            "set": [],
            "set_list": [],
            "set_sensitive": [],
            "skip_crds": false,
            "status": "deployed",
            "timeout": 300,
            "upgrade_install": null,
            "values": [
              "\"controller\":\n  \"admissionWebhooks\":\n    \"enabled\": false\n  \"metrics\":\n    \"enabled\": true\n    \"serviceMonitor\":\n      \"enabled\": false\n  \"resources\":\n    \"limits\":\n      \"cpu\": \"500m\"\n      \"memory\": \"512Mi\"\n    \"requests\":\n      \"cpu\": \"100m\"\n      \"memory\": \"128Mi\"\n  \"service\":\n    \"type\": \"NodePort\"\n"
            ],
            "verify": false,
            "version": "4.14.3",
            "wait": true,
            "wait_for_jobs": false
          },
          "sensitive_attributes": [
            [
              {
                "type": "get_attr",
                "value": "repository_password"
              }
            ]
          ],
          "private": "eyJzY2hlbWFfdmVyc2lvbiI6IjEifQ==",
          "dependencies": [
            "module.cluster.data.kubernetes_nodes.cluster",
            "module.cluster.time_sleep.stabilization",
            "module.platform.helm_release.cilium",
            "module.platform.kubernetes_namespace.ingress_nginx",
            "module.platform.time_sleep.wait_for_cilium"
          ]
        }
      ]
    },
    {
      "module": "module.platform[0]",
      "mode": "managed",
      "type": "kubernetes_namespace",
      "name": "cert_manager",
      "provider": "provider[\"registry.terraform.io/hashicorp/kubernetes\"]",
      "instances": [
        {
          "schema_version": 0,
          "attributes": {
            "id": "cert-manager",
            "metadata": [
              {
                "annotations": {},
                "generate_name": "",
                "generation": 0,
                "labels": {
                  "managed-by": "terraform"
                },
                "name": "cert-manager",
                "resource_version": "418",
                "uid": "93d918e8-9cf6-4a6f-bc5e-45e0199b4f52"
              }
            ],
            "timeouts": null,
            "wait_for_default_service_account": false
          },
          "sensitive_attributes": [],
          "private": "eyJlMmJmYjczMC1lY2FhLTExZTYtOGY4OC0zNDM2M2JjN2M0YzAiOnsiZGVsZXRlIjozMDAwMDAwMDAwMDB9fQ==",
          "dependencies": [
            "module.cluster.data.kubernetes_nodes.cluster",
            "module.cluster.time_sleep.stabilization"
          ]
        }
      ]
    },
    {
      "module": "module.platform[0]",
      "mode": "managed",
      "type": "kubernetes_namespace",
      "name": "ingress_nginx",
      "provider": "provider[\"registry.terraform.io/hashicorp/kubernetes\"]",
      "instances": [
        {
          "schema_version": 0,
          "attributes": {
            "id": "ingress-nginx",
            "metadata": [
              {
                "annotations": {},
                "generate_name": "",
                "generation": 0,
                "labels": {
                  "managed-by": "terraform"
                },
                "name": "ingress-nginx",
                "resource_version": "419",
                "uid": "545c4a19-a4ca-4495-802f-c61434e1d5ea"
              }
            ],
            "timeouts": null,
            "wait_for_default_service_account": false
          },
          "sensitive_attributes": [],
          "private": "eyJlMmJmYjczMC1lY2FhLTExZTYtOGY4OC0zNDM2M2JjN2M0YzAiOnsiZGVsZXRlIjozMDAwMDAwMDAwMDB9fQ==",
          "dependencies": [
            "module.cluster.data.kubernetes_nodes.cluster",
            "module.cluster.time_sleep.stabilization",
            "module.platform.helm_release.cilium",
            "module.platform.time_sleep.wait_for_cilium"
          ]
        }
      ]
    },
    {
      "module": "module.platform[0]",
      "mode": "managed",
      "type": "time_sleep",
      "name": "wait_for_cert_manager_crds",
      "provider": "provider[\"registry.terraform.io/hashicorp/time\"]",
      "instances": [
        {
          "schema_version": 0,
          "attributes": {
            "create_duration": "30s",
            "destroy_duration": null,
            "id": "2026-02-26T07:00:17Z",
            "triggers": null
          },
          "sensitive_attributes": [],
          "dependencies": [
            "module.cluster.data.kubernetes_nodes.cluster",
            "module.cluster.time_sleep.stabilization",
            "module.platform.helm_release.cert_manager",
            "module.platform.kubernetes_namespace.cert_manager"
          ]
        }
      ]
    }
  ],
  "check_results": [
    {
      "object_kind": "var",
      "config_addr": "var.driver",
      "status": "pass",
      "objects": [
        {
          "object_addr": "var.driver",
          "status": "pass"
        }
      ]
    }
  ]
}
